// !$*UTF8*$!
{
	archiveVersion = 1;
	classes = {
	};
	objectVersion = 77;
	objects = {

/* Begin PBXBuildFile section */
		952240192FD4F70B00AA22EB /* ZIPFoundation in Frameworks */ = {isa = PBXBuildFile; productRef = 952240182FD4F70B00AA22EB /* ZIPFoundation */; };
		957884EC2FBD022D00CC5F5D /* OpenAI in Frameworks */ = {isa = PBXBuildFile; productRef = 957884EB2FBD022D00CC5F5D /* OpenAI */; };
/* End PBXBuildFile section */

/* Begin PBXContainerItemProxy section */
		91ED4DAF2FAB32DA0025B103 /* PBXContainerItemProxy */ = {
			isa = PBXContainerItemProxy;
			containerPortal = 91ED4D972FAB32D80025B103 /* Project object */;
			proxyType = 1;
			remoteGlobalIDString = 91ED4D9E2FAB32D80025B103;
			remoteInfo = Scene;
		};
		91ED4DB92FAB32DA0025B103 /* PBXContainerItemProxy */ = {
			isa = PBXContainerItemProxy;
			containerPortal = 91ED4D972FAB32D80025B103 /* Project object */;
			proxyType = 1;
			remoteGlobalIDString = 91ED4D9E2FAB32D80025B103;
			remoteInfo = Scene;
		};
/* End PBXContainerItemProxy section */

/* Begin PBXFileReference section */
		91ED4D9F2FAB32D80025B103 /* Scene.app */ = {isa = PBXFileReference; explicitFileType = wrapper.application; includeInIndex = 0; path = Scene.app; sourceTree = BUILT_PRODUCTS_DIR; };
		91ED4DAE2FAB32DA0025B103 /* SceneTests.xctest */ = {isa = PBXFileReference; explicitFileType = wrapper.cfbundle; includeInIndex = 0; path = SceneTests.xctest; sourceTree = BUILT_PRODUCTS_DIR; };
		91ED4DB82FAB32DA0025B103 /* SceneUITests.xctest */ = {isa = PBXFileReference; explicitFileType = wrapper.cfbundle; includeInIndex = 0; path = SceneUITests.xctest; sourceTree = BUILT_PRODUCTS_DIR; };
/* End PBXFileReference section */

/* Begin PBXFileSystemSynchronizedBuildFileExceptionSet section */
		952240212FD4FEF300AA22EB /* Exceptions for "Scene" folder in "Scene" target */ = {
			isa = PBXFileSystemSynchronizedBuildFileExceptionSet;
			membershipExceptions = (
				Info.plist,
			);
			target = 91ED4D9E2FAB32D80025B103 /* Scene */;
		};
/* End PBXFileSystemSynchronizedBuildFileExceptionSet section */

/* Begin PBXFileSystemSynchronizedRootGroup section */
		91ED4DA12FAB32D80025B103 /* Scene */ = {
			isa = PBXFileSystemSynchronizedRootGroup;
			exceptions = (
				952240212FD4FEF300AA22EB /* Exceptions for "Scene" folder in "Scene" target */,
			);
			path = Scene;
			sourceTree = "<group>";
		};
		91ED4DB12FAB32DA0025B103 /* SceneTests */ = {
			isa = PBXFileSystemSynchronizedRootGroup;
			path = SceneTests;
			sourceTree = "<group>";
		};
		91ED4DBB2FAB32DA0025B103 /* SceneUITests */ = {
			isa = PBXFileSystemSynchronizedRootGroup;
			path = SceneUITests;
			sourceTree = "<group>";
		};
/* End PBXFileSystemSynchronizedRootGroup section */

/* Begin PBXFrameworksBuildPhase section */
		91ED4D9C2FAB32D80025B103 /* Frameworks */ = {
			isa = PBXFrameworksBuildPhase;
			buildActionMask = 2147483647;
			files = (
				957884EC2FBD022D00CC5F5D /* OpenAI in Frameworks */,
				952240192FD4F70B00AA22EB /* ZIPFoundation in Frameworks */,
			);
			runOnlyForDeploymentPostprocessing = 0;
		};
		91ED4DAB2FAB32DA0025B103 /* Frameworks */ = {
			isa = PBXFrameworksBuildPhase;
			buildActionMask = 2147483647;
			files = (
			);
			runOnlyForDeploymentPostprocessing = 0;
		};
		91ED4DB52FAB32DA0025B103 /* Frameworks */ = {
			isa = PBXFrameworksBuildPhase;
			buildActionMask = 2147483647;
			files = (
			);
			runOnlyForDeploymentPostprocessing = 0;
		};
/* End PBXFrameworksBuildPhase section */

/* Begin PBXGroup section */
		91ED4D962FAB32D80025B103 = {
			isa = PBXGroup;
			children = (
				91ED4DA12FAB32D80025B103 /* Scene */,
				91ED4DB12FAB32DA0025B103 /* SceneTests */,
				91ED4DBB2FAB32DA0025B103 /* SceneUITests */,
				91ED4DA02FAB32D80025B103 /* Products */,
			);
			sourceTree = "<group>";
		};
		91ED4DA02FAB32D80025B103 /* Products */ = {
			isa = PBXGroup;
			children = (
				91ED4D9F2FAB32D80025B103 /* Scene.app */,
				91ED4DAE2FAB32DA0025B103 /* SceneTests.xctest */,
				91ED4DB82FAB32DA0025B103 /* SceneUITests.xctest */,
			);
			name = Products;
			sourceTree = "<group>";
		};
/* End PBXGroup section */

/* Begin PBXNativeTarget section */
		91ED4D9E2FAB32D80025B103 /* Scene */ = {
			isa = PBXNativeTarget;
			buildConfigurationList = 91ED4DC22FAB32DA0025B103 /* Build configuration list for PBXNativeTarget "Scene" */;
			buildPhases = (
				91ED4D9B2FAB32D80025B103 /* Sources */,
				91ED4D9C2FAB32D80025B103 /* Frameworks */,
				91ED4D9D2FAB32D80025B103 /* Resources */,
			);
			buildRules = (
			);
			dependencies = (
			);
			fileSystemSynchronizedGroups = (
				91ED4DA12FAB32D80025B103 /* Scene */,
			);
			name = Scene;
			packageProductDependencies = (
				957884EB2FBD022D00CC5F5D /* OpenAI */,
				952240182FD4F70B00AA22EB /* ZIPFoundation */,
			);
			productName = Scene;
			productReference = 91ED4D9F2FAB32D80025B103 /* Scene.app */;
			productType = "com.apple.product-type.application";
		};
		91ED4DAD2FAB32DA0025B103 /* SceneTests */ = {
			isa = PBXNativeTarget;
			buildConfigurationList = 91ED4DC52FAB32DA0025B103 /* Build configuration list for PBXNativeTarget "SceneTests" */;
			buildPhases = (
				91ED4DAA2FAB32DA0025B103 /* Sources */,
				91ED4DAB2FAB32DA0025B103 /* Frameworks */,
				91ED4DAC2FAB32DA0025B103 /* Resources */,
			);
			buildRules = (
			);
			dependencies = (
				91ED4DB02FAB32DA0025B103 /* PBXTargetDependency */,
			);
			fileSystemSynchronizedGroups = (
				91ED4DB12FAB32DA0025B103 /* SceneTests */,
			);
			name = SceneTests;
			packageProductDependencies = (
			);
			productName = SceneTests;
			productReference = 91ED4DAE2FAB32DA0025B103 /* SceneTests.xctest */;
			productType = "com.apple.product-type.bundle.unit-test";
		};
		91ED4DB72FAB32DA0025B103 /* SceneUITests */ = {
			isa = PBXNativeTarget;
			buildConfigurationList = 91ED4DC82FAB32DA0025B103 /* Build configuration list for PBXNativeTarget "SceneUITests" */;
			buildPhases = (
				91ED4DB42FAB32DA0025B103 /* Sources */,
				91ED4DB52FAB32DA0025B103 /* Frameworks */,
				91ED4DB62FAB32DA0025B103 /* Resources */,
			);
			buildRules = (
			);
			dependencies = (
				91ED4DBA2FAB32DA0025B103 /* PBXTargetDependency */,
			);
			fileSystemSynchronizedGroups = (
				91ED4DBB2FAB32DA0025B103 /* SceneUITests */,
			);
			name = SceneUITests;
			packageProductDependencies = (
			);
			productName = SceneUITests;
			productReference = 91ED4DB82FAB32DA0025B103 /* SceneUITests.xctest */;
			productType = "com.apple.product-type.bundle.ui-testing";
		};
/* End PBXNativeTarget section */

/* Begin PBXProject section */
		91ED4D972FAB32D80025B103 /* Project object */ = {
			isa = PBXProject;
			attributes = {
				BuildIndependentTargetsInParallel = 1;
				LastSwiftUpdateCheck = 2600;
				LastUpgradeCheck = 2600;
				TargetAttributes = {
					91ED4D9E2FAB32D80025B103 = {
						CreatedOnToolsVersion = 26.0.1;
					};
					91ED4DAD2FAB32DA0025B103 = {
						CreatedOnToolsVersion = 26.0.1;
						TestTargetID = 91ED4D9E2FAB32D80025B103;
					};
					91ED4DB72FAB32DA0025B103 = {
						CreatedOnToolsVersion = 26.0.1;
						TestTargetID = 91ED4D9E2FAB32D80025B103;
					};
				};
			};
			buildConfigurationList = 91ED4D9A2FAB32D80025B103 /* Build configuration list for PBXProject "Scene" */;
			developmentRegion = en;
			hasScannedForEncodings = 0;
			knownRegions = (
				en,
				Base,
				ar,
			);
			mainGroup = 91ED4D962FAB32D80025B103;
			minimizedProjectReferenceProxies = 1;
			packageReferences = (
				957884EA2FBD022D00CC5F5D /* XCRemoteSwiftPackageReference "OpenAI" */,
				952240172FD4F70B00AA22EB /* XCRemoteSwiftPackageReference "ZIPFoundation" */,
			);
			preferredProjectObjectVersion = 77;
			productRefGroup = 91ED4DA02FAB32D80025B103 /* Products */;
			projectDirPath = "";
			projectRoot = "";
			targets = (
				91ED4D9E2FAB32D80025B103 /* Scene */,
				91ED4DAD2FAB32DA0025B103 /* SceneTests */,
				91ED4DB72FAB32DA0025B103 /* SceneUITests */,
			);
		};
/* End PBXProject section */

/* Begin PBXResourcesBuildPhase section */
		91ED4D9D2FAB32D80025B103 /* Resources */ = {
			isa = PBXResourcesBuildPhase;
			buildActionMask = 2147483647;
			files = (
			);
			runOnlyForDeploymentPostprocessing = 0;
		};
		91ED4DAC2FAB32DA0025B103 /* Resources */ = {
			isa = PBXResourcesBuildPhase;
			buildActionMask = 2147483647;
			files = (
			);
			runOnlyForDeploymentPostprocessing = 0;
		};
		91ED4DB62FAB32DA0025B103 /* Resources */ = {
			isa = PBXResourcesBuildPhase;
			buildActionMask = 2147483647;
			files = (
			);
			runOnlyForDeploymentPostprocessing = 0;
		};
/* End PBXResourcesBuildPhase section */

/* Begin PBXSourcesBuildPhase section */
		91ED4D9B2FAB32D80025B103 /* Sources */ = {
			isa = PBXSourcesBuildPhase;
			buildActionMask = 2147483647;
			files = (
			);
			runOnlyForDeploymentPostprocessing = 0;
		};
		91ED4DAA2FAB32DA0025B103 /* Sources */ = {
			isa = PBXSourcesBuildPhase;
			buildActionMask = 2147483647;
			files = (
			);
			runOnlyForDeploymentPostprocessing = 0;
		};
		91ED4DB42FAB32DA0025B103 /* Sources */ = {
			isa = PBXSourcesBuildPhase;
			buildActionMask = 2147483647;
			files = (
			);
			runOnlyForDeploymentPostprocessing = 0;
		};
/* End PBXSourcesBuildPhase section */

/* Begin PBXTargetDependency section */
		91ED4DB02FAB32DA0025B103 /* PBXTargetDependency */ = {
			isa = PBXTargetDependency;
			target = 91ED4D9E2FAB32D80025B103 /* Scene */;
			targetProxy = 91ED4DAF2FAB32DA0025B103 /* PBXContainerItemProxy */;
		};
		91ED4DBA2FAB32DA0025B103 /* PBXTargetDependency */ = {
			isa = PBXTargetDependency;
			target = 91ED4D9E2FAB32D80025B103 /* Scene */;
			targetProxy = 91ED4DB92FAB32DA0025B103 /* PBXContainerItemProxy */;
		};
/* End PBXTargetDependency section */

/* Begin XCBuildConfiguration section */
		91ED4DC02FAB32DA0025B103 /* Debug */ = {
			isa = XCBuildConfiguration;
			baseConfigurationReferenceAnchor = 91ED4DA12FAB32D80025B103 /* Scene */;
			baseConfigurationReferenceRelativePath = Secret/Config.xcconfig;
			buildSettings = {
				ALWAYS_SEARCH_USER_PATHS = NO;
				ASSETCATALOG_COMPILER_GENERATE_SWIFT_ASSET_SYMBOL_EXTENSIONS = YES;
				CLANG_ANALYZER_NONNULL = YES;
				CLANG_ANALYZER_NUMBER_OBJECT_CONVERSION = YES_AGGRESSIVE;
				CLANG_CXX_LANGUAGE_STANDARD = "gnu++20";
				CLANG_ENABLE_MODULES = YES;
				CLANG_ENABLE_OBJC_ARC = YES;
				CLANG_ENABLE_OBJC_WEAK = YES;
				CLANG_WARN_BLOCK_CAPTURE_AUTORELEASING = YES;
				CLANG_WARN_BOOL_CONVERSION = YES;
				CLANG_WARN_COMMA = YES;
				CLANG_WARN_CONSTANT_CONVERSION = YES;
				CLANG_WARN_DEPRECATED_OBJC_IMPLEMENTATIONS = YES;
				CLANG_WARN_DIRECT_OBJC_ISA_USAGE = YES_ERROR;
				CLANG_WARN_DOCUMENTATION_COMMENTS = YES;
				CLANG_WARN_EMPTY_BODY = YES;
				CLANG_WARN_ENUM_CONVERSION = YES;
				CLANG_WARN_INFINITE_RECURSION = YES;
				CLANG_WARN_INT_CONVERSION = YES;
				CLANG_WARN_NON_LITERAL_NULL_CONVERSION = YES;
				CLANG_WARN_OBJC_IMPLICIT_RETAIN_SELF = YES;
				CLANG_WARN_OBJC_LITERAL_CONVERSION = YES;
				CLANG_WARN_OBJC_ROOT_CLASS = YES_ERROR;
				CLANG_WARN_QUOTED_INCLUDE_IN_FRAMEWORK_HEADER = YES;
				CLANG_WARN_RANGE_LOOP_ANALYSIS = YES;
				CLANG_WARN_STRICT_PROTOTYPES = YES;
				CLANG_WARN_SUSPICIOUS_MOVE = YES;
				CLANG_WARN_UNGUARDED_AVAILABILITY = YES_AGGRESSIVE;
				CLANG_WARN_UNREACHABLE_CODE = YES;
				CLANG_WARN__DUPLICATE_METHOD_MATCH = YES;
				COPY_PHASE_STRIP = NO;
				DEBUG_INFORMATION_FORMAT = dwarf;
				DEVELOPMENT_TEAM = 2TVS2FW6G2;
				ENABLE_STRICT_OBJC_MSGSEND = YES;
				ENABLE_TESTABILITY = YES;
				ENABLE_USER_SCRIPT_SANDBOXING = YES;
				GCC_C_LANGUAGE_STANDARD = gnu17;
				GCC_DYNAMIC_NO_PIC = NO;
				GCC_NO_COMMON_BLOCKS = YES;
				GCC_OPTIMIZATION_LEVEL = 0;
				GCC_PREPROCESSOR_DEFINITIONS = (
					"DEBUG=1",
					"$(inherited)",
				);
				GCC_WARN_64_TO_32_BIT_CONVERSION = YES;
				GCC_WARN_ABOUT_RETURN_TYPE = YES_ERROR;
				GCC_WARN_UNDECLARED_SELECTOR = YES;
				GCC_WARN_UNINITIALIZED_AUTOS = YES_AGGRESSIVE;
				GCC_WARN_UNUSED_FUNCTION = YES;
				GCC_WARN_UNUSED_VARIABLE = YES;
				LOCALIZATION_PREFERS_STRING_CATALOGS = YES;
				MACOSX_DEPLOYMENT_TARGET = 26.0;
				MTL_ENABLE_DEBUG_INFO = INCLUDE_SOURCE;
				MTL_FAST_MATH = YES;
				ONLY_ACTIVE_ARCH = YES;
				SDKROOT = macosx;
				SWIFT_ACTIVE_COMPILATION_CONDITIONS = "DEBUG $(inherited)";
				SWIFT_EMIT_LOC_STRINGS = YES;
				SWIFT_OPTIMIZATION_LEVEL = "-Onone";
			};
			name = Debug;
		};
		91ED4DC12FAB32DA0025B103 /* Release */ = {
			isa = XCBuildConfiguration;
			baseConfigurationReferenceAnchor = 91ED4DA12FAB32D80025B103 /* Scene */;
			baseConfigurationReferenceRelativePath = Secret/Config.xcconfig;
			buildSettings = {
				ALWAYS_SEARCH_USER_PATHS = NO;
				ASSETCATALOG_COMPILER_GENERATE_SWIFT_ASSET_SYMBOL_EXTENSIONS = YES;
				CLANG_ANALYZER_NONNULL = YES;
				CLANG_ANALYZER_NUMBER_OBJECT_CONVERSION = YES_AGGRESSIVE;
				CLANG_CXX_LANGUAGE_STANDARD = "gnu++20";
				CLANG_ENABLE_MODULES = YES;
				CLANG_ENABLE_OBJC_ARC = YES;
				CLANG_ENABLE_OBJC_WEAK = YES;
				CLANG_WARN_BLOCK_CAPTURE_AUTORELEASING = YES;
				CLANG_WARN_BOOL_CONVERSION = YES;
				CLANG_WARN_COMMA = YES;
				CLANG_WARN_CONSTANT_CONVERSION = YES;
				CLANG_WARN_DEPRECATED_OBJC_IMPLEMENTATIONS = YES;
				CLANG_WARN_DIRECT_OBJC_ISA_USAGE = YES_ERROR;
				CLANG_WARN_DOCUMENTATION_COMMENTS = YES;
				CLANG_WARN_EMPTY_BODY = YES;
				CLANG_WARN_ENUM_CONVERSION = YES;
				CLANG_WARN_INFINITE_RECURSION = YES;
				CLANG_WARN_INT_CONVERSION = YES;
				CLANG_WARN_NON_LITERAL_NULL_CONVERSION = YES;
				CLANG_WARN_OBJC_IMPLICIT_RETAIN_SELF = YES;
				CLANG_WARN_OBJC_LITERAL_CONVERSION = YES;
				CLANG_WARN_OBJC_ROOT_CLASS = YES_ERROR;
				CLANG_WARN_QUOTED_INCLUDE_IN_FRAMEWORK_HEADER = YES;
				CLANG_WARN_RANGE_LOOP_ANALYSIS = YES;
				CLANG_WARN_STRICT_PROTOTYPES = YES;
				CLANG_WARN_SUSPICIOUS_MOVE = YES;
				CLANG_WARN_UNGUARDED_AVAILABILITY = YES_AGGRESSIVE;
				CLANG_WARN_UNREACHABLE_CODE = YES;
				CLANG_WARN__DUPLICATE_METHOD_MATCH = YES;
				COPY_PHASE_STRIP = NO;
				DEBUG_INFORMATION_FORMAT = "dwarf-with-dsym";
				DEVELOPMENT_TEAM = 2TVS2FW6G2;
				ENABLE_NS_ASSERTIONS = NO;
				ENABLE_STRICT_OBJC_MSGSEND = YES;
				ENABLE_USER_SCRIPT_SANDBOXING = YES;
				GCC_C_LANGUAGE_STANDARD = gnu17;
				GCC_NO_COMMON_BLOCKS = YES;
				GCC_WARN_64_TO_32_BIT_CONVERSION = YES;
				GCC_WARN_ABOUT_RETURN_TYPE = YES_ERROR;
				GCC_WARN_UNDECLARED_SELECTOR = YES;
				GCC_WARN_UNINITIALIZED_AUTOS = YES_AGGRESSIVE;
				GCC_WARN_UNUSED_FUNCTION = YES;
				GCC_WARN_UNUSED_VARIABLE = YES;
				LOCALIZATION_PREFERS_STRING_CATALOGS = YES;
				MACOSX_DEPLOYMENT_TARGET = 26.0;
				MTL_ENABLE_DEBUG_INFO = NO;
				MTL_FAST_MATH = YES;
				SDKROOT = macosx;
				SWIFT_COMPILATION_MODE = wholemodule;
				SWIFT_EMIT_LOC_STRINGS = YES;
			};
			name = Release;
		};
		91ED4DC32FAB32DA0025B103 /* Debug */ = {
			isa = XCBuildConfiguration;
			baseConfigurationReferenceAnchor = 91ED4DA12FAB32D80025B103 /* Scene */;
			baseConfigurationReferenceRelativePath = Secret/Config.xcconfig;
			buildSettings = {
				ASSETCATALOG_COMPILER_APPICON_NAME = AppIcon;
				ASSETCATALOG_COMPILER_GLOBAL_ACCENT_COLOR_NAME = AccentColor;
				CODE_SIGN_ENTITLEMENTS = Scene/Scene.entitlements;
				CODE_SIGN_IDENTITY = "Apple Development";
				CODE_SIGN_STYLE = Automatic;
				COMBINE_HIDPI_IMAGES = YES;
				CURRENT_PROJECT_VERSION = 1;
				DEVELOPMENT_TEAM = 532LKBA8VZ;
				ENABLE_APP_SANDBOX = YES;
				ENABLE_HARDENED_RUNTIME = YES;
				ENABLE_INCOMING_NETWORK_CONNECTIONS = NO;
				ENABLE_OUTGOING_NETWORK_CONNECTIONS = YES;
				ENABLE_PREVIEWS = YES;
				ENABLE_RESOURCE_ACCESS_AUDIO_INPUT = NO;
				ENABLE_RESOURCE_ACCESS_BLUETOOTH = NO;
				ENABLE_RESOURCE_ACCESS_CALENDARS = NO;
				ENABLE_RESOURCE_ACCESS_CAMERA = NO;
				ENABLE_RESOURCE_ACCESS_CONTACTS = NO;
				ENABLE_RESOURCE_ACCESS_LOCATION = NO;
				ENABLE_RESOURCE_ACCESS_PRINTING = NO;
				ENABLE_RESOURCE_ACCESS_USB = NO;
				ENABLE_USER_SELECTED_FILES = readonly;
				GENERATE_INFOPLIST_FILE = YES;
				INFOPLIST_FILE = Scene/Info.plist;
				INFOPLIST_KEY_NSHumanReadableCopyright = "";
				LD_RUNPATH_SEARCH_PATHS = (
					"$(inherited)",
					"@executable_path/../Frameworks",
				);
				MACOSX_DEPLOYMENT_TARGET = 26.0;
				MARKETING_VERSION = 1.0;
				PRODUCT_BUNDLE_IDENTIFIER = com.team9.scen;
				PRODUCT_NAME = "$(TARGET_NAME)";
				PROVISIONING_PROFILE_SPECIFIER = "";
				REGISTER_APP_GROUPS = YES;
				STRING_CATALOG_GENERATE_SYMBOLS = YES;
				SWIFT_APPROACHABLE_CONCURRENCY = YES;
				SWIFT_DEFAULT_ACTOR_ISOLATION = MainActor;
				SWIFT_EMIT_LOC_STRINGS = YES;
				SWIFT_UPCOMING_FEATURE_MEMBER_IMPORT_VISIBILITY = YES;
				SWIFT_VERSION = 5.0;
			};
			name = Debug;
		};
		91ED4DC42FAB32DA0025B103 /* Release */ = {
			isa = XCBuildConfiguration;
			baseConfigurationReferenceAnchor = 91ED4DA12FAB32D80025B103 /* Scene */;
			baseConfigurationReferenceRelativePath = Secret/Config.xcconfig;
			buildSettings = {
				ASSETCATALOG_COMPILER_APPICON_NAME = AppIcon;
				ASSETCATALOG_COMPILER_GLOBAL_ACCENT_COLOR_NAME = AccentColor;
				CODE_SIGN_ENTITLEMENTS = Scene/Scene.entitlements;
				CODE_SIGN_IDENTITY = "Apple Development";
				CODE_SIGN_STYLE = Automatic;
				COMBINE_HIDPI_IMAGES = YES;
				CURRENT_PROJECT_VERSION = 1;
				DEVELOPMENT_TEAM = 532LKBA8VZ;
				ENABLE_APP_SANDBOX = YES;
				ENABLE_HARDENED_RUNTIME = YES;
				ENABLE_INCOMING_NETWORK_CONNECTIONS = NO;
				ENABLE_OUTGOING_NETWORK_CONNECTIONS = YES;
				ENABLE_PREVIEWS = YES;
				ENABLE_RESOURCE_ACCESS_AUDIO_INPUT = NO;
				ENABLE_RESOURCE_ACCESS_BLUETOOTH = NO;
				ENABLE_RESOURCE_ACCESS_CALENDARS = NO;
				ENABLE_RESOURCE_ACCESS_CAMERA = NO;
				ENABLE_RESOURCE_ACCESS_CONTACTS = NO;
				ENABLE_RESOURCE_ACCESS_LOCATION = NO;
				ENABLE_RESOURCE_ACCESS_PRINTING = NO;
				ENABLE_RESOURCE_ACCESS_USB = NO;
				ENABLE_USER_SELECTED_FILES = readonly;
				GENERATE_INFOPLIST_FILE = YES;
				INFOPLIST_FILE = Scene/Info.plist;
				INFOPLIST_KEY_NSHumanReadableCopyright = "";
				LD_RUNPATH_SEARCH_PATHS = (
					"$(inherited)",
					"@executable_path/../Frameworks",
				);
				MACOSX_DEPLOYMENT_TARGET = 26.0;
				MARKETING_VERSION = 1.0;
				PRODUCT_BUNDLE_IDENTIFIER = com.team9.scen;
				PRODUCT_NAME = "$(TARGET_NAME)";
				PROVISIONING_PROFILE_SPECIFIER = "";
				REGISTER_APP_GROUPS = YES;
				STRING_CATALOG_GENERATE_SYMBOLS = YES;
				SWIFT_APPROACHABLE_CONCURRENCY = YES;
				SWIFT_DEFAULT_ACTOR_ISOLATION = MainActor;
				SWIFT_EMIT_LOC_STRINGS = YES;
				SWIFT_UPCOMING_FEATURE_MEMBER_IMPORT_VISIBILITY = YES;
				SWIFT_VERSION = 5.0;
			};
			name = Release;
		};
		91ED4DC62FAB32DA0025B103 /* Debug */ = {
			isa = XCBuildConfiguration;
			baseConfigurationReferenceAnchor = 91ED4DA12FAB32D80025B103 /* Scene */;
			baseConfigurationReferenceRelativePath = Secret/Config.xcconfig;
			buildSettings = {
				BUNDLE_LOADER = "$(TEST_HOST)";
				CODE_SIGN_STYLE = Automatic;
				CURRENT_PROJECT_VERSION = 1;
				DEVELOPMENT_TEAM = 2TVS2FW6G2;
				GENERATE_INFOPLIST_FILE = YES;
				MACOSX_DEPLOYMENT_TARGET = 26.0;
				MARKETING_VERSION = 1.0;
				PRODUCT_BUNDLE_IDENTIFIER = com.Yousra.SceneTests;
				PRODUCT_NAME = "$(TARGET_NAME)";
				STRING_CATALOG_GENERATE_SYMBOLS = NO;
				SWIFT_APPROACHABLE_CONCURRENCY = YES;
				SWIFT_EMIT_LOC_STRINGS = NO;
				SWIFT_UPCOMING_FEATURE_MEMBER_IMPORT_VISIBILITY = YES;
				SWIFT_VERSION = 5.0;
				TEST_HOST = "$(BUILT_PRODUCTS_DIR)/Scene.app/$(BUNDLE_EXECUTABLE_FOLDER_PATH)/Scene";
			};
			name = Debug;
		};
		91ED4DC72FAB32DA0025B103 /* Release */ = {
			isa = XCBuildConfiguration;
			baseConfigurationReferenceAnchor = 91ED4DA12FAB32D80025B103 /* Scene */;
			baseConfigurationReferenceRelativePath = Secret/Config.xcconfig;
			buildSettings = {
				BUNDLE_LOADER = "$(TEST_HOST)";
				CODE_SIGN_STYLE = Automatic;
				CURRENT_PROJECT_VERSION = 1;
				DEVELOPMENT_TEAM = 2TVS2FW6G2;
				GENERATE_INFOPLIST_FILE = YES;
				MACOSX_DEPLOYMENT_TARGET = 26.0;
				MARKETING_VERSION = 1.0;
				PRODUCT_BUNDLE_IDENTIFIER = com.Yousra.SceneTests;
				PRODUCT_NAME = "$(TARGET_NAME)";
				STRING_CATALOG_GENERATE_SYMBOLS = NO;
				SWIFT_APPROACHABLE_CONCURRENCY = YES;
				SWIFT_EMIT_LOC_STRINGS = NO;
				SWIFT_UPCOMING_FEATURE_MEMBER_IMPORT_VISIBILITY = YES;
				SWIFT_VERSION = 5.0;
				TEST_HOST = "$(BUILT_PRODUCTS_DIR)/Scene.app/$(BUNDLE_EXECUTABLE_FOLDER_PATH)/Scene";
			};
			name = Release;
		};
		91ED4DC92FAB32DA0025B103 /* Debug */ = {
			isa = XCBuildConfiguration;
			baseConfigurationReferenceAnchor = 91ED4DA12FAB32D80025B103 /* Scene */;
			baseConfigurationReferenceRelativePath = Secret/Config.xcconfig;
			buildSettings = {
				CODE_SIGN_STYLE = Automatic;
				CURRENT_PROJECT_VERSION = 1;
				DEVELOPMENT_TEAM = 2TVS2FW6G2;
				GENERATE_INFOPLIST_FILE = YES;
				MARKETING_VERSION = 1.0;
				PRODUCT_BUNDLE_IDENTIFIER = com.Yousra.SceneUITests;
				PRODUCT_NAME = "$(TARGET_NAME)";
				STRING_CATALOG_GENERATE_SYMBOLS = NO;
				SWIFT_APPROACHABLE_CONCURRENCY = YES;
				SWIFT_EMIT_LOC_STRINGS = NO;
				SWIFT_UPCOMING_FEATURE_MEMBER_IMPORT_VISIBILITY = YES;
				SWIFT_VERSION = 5.0;
				TEST_TARGET_NAME = Scene;
			};
			name = Debug;
		};
		91ED4DCA2FAB32DA0025B103 /* Release */ = {
			isa = XCBuildConfiguration;
			baseConfigurationReferenceAnchor = 91ED4DA12FAB32D80025B103 /* Scene */;
			baseConfigurationReferenceRelativePath = Secret/Config.xcconfig;
			buildSettings = {
				CODE_SIGN_STYLE = Automatic;
				CURRENT_PROJECT_VERSION = 1;
				DEVELOPMENT_TEAM = 2TVS2FW6G2;
				GENERATE_INFOPLIST_FILE = YES;
				MARKETING_VERSION = 1.0;
				PRODUCT_BUNDLE_IDENTIFIER = com.Yousra.SceneUITests;
				PRODUCT_NAME = "$(TARGET_NAME)";
				STRING_CATALOG_GENERATE_SYMBOLS = NO;
				SWIFT_APPROACHABLE_CONCURRENCY = YES;
				SWIFT_EMIT_LOC_STRINGS = NO;
				SWIFT_UPCOMING_FEATURE_MEMBER_IMPORT_VISIBILITY = YES;
				SWIFT_VERSION = 5.0;
				TEST_TARGET_NAME = Scene;
			};
			name = Release;
		};
/* End XCBuildConfiguration section */

/* Begin XCConfigurationList section */
		91ED4D9A2FAB32D80025B103 /* Build configuration list for PBXProject "Scene" */ = {
			isa = XCConfigurationList;
			buildConfigurations = (
				91ED4DC02FAB32DA0025B103 /* Debug */,
				91ED4DC12FAB32DA0025B103 /* Release */,
			);
			defaultConfigurationIsVisible = 0;
			defaultConfigurationName = Release;
		};
		91ED4DC22FAB32DA0025B103 /* Build configuration list for PBXNativeTarget "Scene" */ = {
			isa = XCConfigurationList;
			buildConfigurations = (
				91ED4DC32FAB32DA0025B103 /* Debug */,
				91ED4DC42FAB32DA0025B103 /* Release */,
			);
			defaultConfigurationIsVisible = 0;
			defaultConfigurationName = Release;
		};
		91ED4DC52FAB32DA0025B103 /* Build configuration list for PBXNativeTarget "SceneTests" */ = {
			isa = XCConfigurationList;
			buildConfigurations = (
				91ED4DC62FAB32DA0025B103 /* Debug */,
				91ED4DC72FAB32DA0025B103 /* Release */,
			);
			defaultConfigurationIsVisible = 0;
			defaultConfigurationName = Release;
		};
		91ED4DC82FAB32DA0025B103 /* Build configuration list for PBXNativeTarget "SceneUITests" */ = {
			isa = XCConfigurationList;
			buildConfigurations = (
				91ED4DC92FAB32DA0025B103 /* Debug */,
				91ED4DCA2FAB32DA0025B103 /* Release */,
			);
			defaultConfigurationIsVisible = 0;
			defaultConfigurationName = Release;
		};
/* End XCConfigurationList section */

/* Begin XCRemoteSwiftPackageReference section */
		952240172FD4F70B00AA22EB /* XCRemoteSwiftPackageReference "ZIPFoundation" */ = {
			isa = XCRemoteSwiftPackageReference;
			repositoryURL = "https://github.com/weichsel/ZIPFoundation.git";
			requirement = {
				kind = upToNextMajorVersion;
				minimumVersion = 0.9.20;
			};
		};
		957884EA2FBD022D00CC5F5D /* XCRemoteSwiftPackageReference "OpenAI" */ = {
			isa = XCRemoteSwiftPackageReference;
			repositoryURL = "https://github.com/MacPaw/OpenAI.git";
			requirement = {
				kind = upToNextMajorVersion;
				minimumVersion = 0.4.9;
			};
		};
/* End XCRemoteSwiftPackageReference section */

/* Begin XCSwiftPackageProductDependency section */
		952240182FD4F70B00AA22EB /* ZIPFoundation */ = {
			isa = XCSwiftPackageProductDependency;
			package = 952240172FD4F70B00AA22EB /* XCRemoteSwiftPackageReference "ZIPFoundation" */;
			productName = ZIPFoundation;
		};
		957884EB2FBD022D00CC5F5D /* OpenAI */ = {
			isa = XCSwiftPackageProductDependency;
			package = 957884EA2FBD022D00CC5F5D /* XCRemoteSwiftPackageReference "OpenAI" */;
			productName = OpenAI;
		};
/* End XCSwiftPackageProductDependency section */
	};
	rootObject = 91ED4D972FAB32D80025B103 /* Project object */;
}
